<?xml version="1.0" encoding="utf-8"?>
<Project ToolsVersion="4.0" xmlns="http://schemas.microsoft.com/developer/msbuild/2003">
  <ItemGroup>
    <Filter Include="Source Files">
      <UniqueIdentifier>{4FC737F1-C7A5-4376-A066-2A32D752A2FF}</UniqueIdentifier>
      <Extensions>cpp;c;cc;cxx;c++;cppm;ixx;def;odl;idl;hpj;bat;asm;asmx</Extensions>
    </Filter>
    <Filter Include="Header Files">
      <UniqueIdentifier>{93995380-89BD-4b04-88EB-625FBE52EBFB}</UniqueIdentifier>
      <Extensions>h;hh;hpp;hxx;h++;hm;inl;inc;ipp;xsd</Extensions>
    </Filter>
    <Filter Include="Resource Files">
      <UniqueIdentifier>{67DA6AB6-F800-4c08-8B7A-83BB121AAD01}</UniqueIdentifier>
      <Extensions>rc;ico;cur;bmp;dlg;rc2;rct;bin;rgs;gif;jpg;jpeg;jpe;resx;tiff;tif;png;wav;mfcribbon-ms</Extensions>
    </Filter>
  </ItemGroup>
  <ItemGroup>
    <ClInclude Include="SDK.h">
      <Filter>Header Files</Filter>
    </ClInclude>
    <ClInclude Include="IClientSDK.h">
      <Filter>Header Files</Filter>
    </ClInclude>
    <ClInclude Include="IGameConfig.h">
      <Filter>Header Files</Filter>
    </ClInclude>
    <ClInclude Include="GameConfig.h">
      <Filter>Header Files</Filter>
    </ClInclude>
    <ClInclude Include="EComputerLevel.h">
      <Filter>Header Files</Filter>
    </ClInclude>
    <ClInclude Include="PlayerConfig.h">
      <Filter>Header Files</Filter>
    </ClInclude>
    <ClInclude Include="BoardConfig.h">
      <Filter>Header Files</Filter>
    </ClInclude>
    <ClInclude Include="BoardConfigurations.h">
      <Filter>Header Files</Filter>
    </ClInclude>
    <ClInclude Include="EBoardSize.h">
      <Filter>Header Files</Filter>
    </ClInclude>
    <ClInclude Include="EBoardType.h">
      <Filter>Header Files</Filter>
    </ClInclude>
    <ClInclude Include="IClientSDKListener.h">
      <Filter>Header Files</Filter>
    </ClInclude>
    <ClInclude Include="EGameState.h">
      <Filter>Header Files</Filter>
    </ClInclude>
    <ClInclude Include="EPieceType.h">
      <Filter>Header Files</Filter>
    </ClInclude>
    <ClInclude Include="IServerHandler.h">
      <Filter>Header Files</Filter>
    </ClInclude>
    <ClInclude Include="SFMLServerHandler.h">
      <Filter>Header Files</Filter>
    </ClInclude>
    <ClInclude Include="JsonMessageHandler.h">
      <Filter>Header Files</Filter>
    </ClInclude>
    <ClInclude Include="EnumStringMaker.h">
      <Filter>Header Files</Filter>
    </ClInclude>
  </ItemGroup>
  <ItemGroup>
    <ClCompile Include="SDK.cpp">
      <Filter>Source Files</Filter>
    </ClCompile>
    <ClCompile Include="SFMLServerHandler.cpp">
      <Filter>Source Files</Filter>
    </ClCompile>
    <ClCompile Include="IClientSDK.cpp">
      <Filter>Source Files</Filter>
    </ClCompile>
  </ItemGroup>
</Project>