<?xml version="1.0" encoding="utf-8"?>
<Project ToolsVersion="4.0" xmlns="http://schemas.microsoft.com/developer/msbuild/2003">
  <ItemGroup>
    <Filter Include="Source Files">
      <UniqueIdentifier>{4FC737F1-C7A5-4376-A066-2A32D752A2FF}</UniqueIdentifier>
      <Extensions>cpp;c;cc;cxx;c++;cppm;ixx;def;odl;idl;hpj;bat;asm;asmx</Extensions>
    </Filter>
    <Filter Include="Header Files">
      <UniqueIdentifier>{93995380-89BD-4b04-88EB-625FBE52EBFB}</UniqueIdentifier>
      <Extensions>h;hh;hpp;hxx;h++;hm;inl;inc;ipp;xsd</Extensions>
    </Filter>
    <Filter Include="Resource Files">
      <UniqueIdentifier>{67DA6AB6-F800-4c08-8B7A-83BB121AAD01}</UniqueIdentifier>
      <Extensions>rc;ico;cur;bmp;dlg;rc2;rct;bin;rgs;gif;jpg;jpeg;jpe;resx;tiff;tif;png;wav;mfcribbon-ms</Extensions>
    </Filter>
    <Filter Include="Header Files\Server">
      <UniqueIdentifier>{e95ba090-a95f-4ba7-b4bf-29055d76b963}</UniqueIdentifier>
    </Filter>
    <Filter Include="Header Files\Lobby">
      <UniqueIdentifier>{605c6623-3578-48cf-b27c-1d0cda28047a}</UniqueIdentifier>
    </Filter>
    <Filter Include="Header Files\Utils">
      <UniqueIdentifier>{edc7a0ab-eccb-4547-9878-8c158683e366}</UniqueIdentifier>
    </Filter>
    <Filter Include="Source Files\Server">
      <UniqueIdentifier>{239e69e7-6f57-4e97-997d-f8949055b8f4}</UniqueIdentifier>
    </Filter>
    <Filter Include="Source Files\Lobby">
      <UniqueIdentifier>{e7ece53d-e078-45ce-8037-86940070367b}</UniqueIdentifier>
    </Filter>
  </ItemGroup>
  <ItemGroup>
    <ClCompile Include="Source.cpp">
      <Filter>Source Files</Filter>
    </ClCompile>
    <ClCompile Include="SfmlServer.cpp">
      <Filter>Source Files\Server</Filter>
    </ClCompile>
    <ClCompile Include="Lobby.cpp">
      <Filter>Source Files\Lobby</Filter>
    </ClCompile>
  </ItemGroup>
  <ItemGroup>
    <ClInclude Include="IServer.h">
      <Filter>Header Files\Server</Filter>
    </ClInclude>
    <ClInclude Include="SfmlServer.h">
      <Filter>Header Files\Server</Filter>
    </ClInclude>
    <ClInclude Include="Lobby.h">
      <Filter>Header Files\Lobby</Filter>
    </ClInclude>
    <ClInclude Include="JsonMessageHandler.h">
      <Filter>Header Files\Utils</Filter>
    </ClInclude>
  </ItemGroup>
  <ItemGroup>
    <None Include="packages.config" />
  </ItemGroup>
</Project>