<?xml version="1.0" encoding="utf-8"?>
<Project ToolsVersion="4.0" xmlns="http://schemas.microsoft.com/developer/msbuild/2003">
  <ItemGroup>
    <Filter Include="Source Files">
      <UniqueIdentifier>{4FC737F1-C7A5-4376-A066-2A32D752A2FF}</UniqueIdentifier>
      <Extensions>cpp;c;cc;cxx;c++;cppm;ixx;def;odl;idl;hpj;bat;asm;asmx</Extensions>
    </Filter>
    <Filter Include="Header Files">
      <UniqueIdentifier>{93995380-89BD-4b04-88EB-625FBE52EBFB}</UniqueIdentifier>
      <Extensions>h;hh;hpp;hxx;h++;hm;inl;inc;ipp;xsd</Extensions>
    </Filter>
    <Filter Include="Resource Files">
      <UniqueIdentifier>{67DA6AB6-F800-4c08-8B7A-83BB121AAD01}</UniqueIdentifier>
      <Extensions>rc;ico;cur;bmp;dlg;rc2;rct;bin;rgs;gif;jpg;jpeg;jpe;resx;tiff;tif;png;wav;mfcribbon-ms</Extensions>
    </Filter>
    <Filter Include="Header Files\API">
      <UniqueIdentifier>{db3561e4-ec74-4c2e-a3c8-38cd66efff3a}</UniqueIdentifier>
    </Filter>
    <Filter Include="Header Files\Player">
      <UniqueIdentifier>{f7cb5c1a-a772-43bc-8367-4d4f3c0de394}</UniqueIdentifier>
    </Filter>
    <Filter Include="Source Files\Game">
      <UniqueIdentifier>{bd1d4b05-c211-4c1c-b462-610fc80cbece}</UniqueIdentifier>
    </Filter>
    <Filter Include="Source Files\Player">
      <UniqueIdentifier>{a5bd0a9b-0bc3-49a7-9925-2eeb9f5a9de9}</UniqueIdentifier>
    </Filter>
    <Filter Include="Source Files\Board">
      <UniqueIdentifier>{b65728e7-62a5-41bb-9e2b-6f2cef456ba5}</UniqueIdentifier>
    </Filter>
    <Filter Include="Header Files\Board">
      <UniqueIdentifier>{1f1ef6b8-222c-4b1a-a493-e10807bddd24}</UniqueIdentifier>
    </Filter>
    <Filter Include="Header Files\Game">
      <UniqueIdentifier>{2977c6de-e973-427e-8e28-cd2bfb52097c}</UniqueIdentifier>
    </Filter>
    <Filter Include="Header Files\Utils">
      <UniqueIdentifier>{f1df7ea5-76cc-493e-bef4-98bb46211461}</UniqueIdentifier>
    </Filter>
    <Filter Include="Header Files\Exceptions">
      <UniqueIdentifier>{6abb6785-8484-40a1-8ba6-ad43cd9c1702}</UniqueIdentifier>
    </Filter>
    <Filter Include="Header Files\API\Enums">
      <UniqueIdentifier>{b75990d7-a4d1-4127-adac-c8a77b9d1b1f}</UniqueIdentifier>
    </Filter>
    <Filter Include="Header Files\Node">
      <UniqueIdentifier>{3a7a806a-a8ca-496c-bc74-86214ce0455e}</UniqueIdentifier>
    </Filter>
    <Filter Include="Source Files\Node">
      <UniqueIdentifier>{8557acbb-6469-448a-b781-d59768cea998}</UniqueIdentifier>
    </Filter>
    <Filter Include="Source Files\Utils">
      <UniqueIdentifier>{7c776f9e-03b5-4e53-bd55-1507db232992}</UniqueIdentifier>
    </Filter>
    <Filter Include="Header Files\Logger">
      <UniqueIdentifier>{0f4dd6be-6d7b-4bf7-9fc0-63f02e7960c7}</UniqueIdentifier>
    </Filter>
    <Filter Include="Source Files\Logger">
      <UniqueIdentifier>{6fdbc4ad-ad2b-417a-bf62-a28c19bb0338}</UniqueIdentifier>
    </Filter>
    <Filter Include="Header Files\ComputerPlayer">
      <UniqueIdentifier>{ca1804f1-1288-4e2d-9069-b1c98c5f50bf}</UniqueIdentifier>
    </Filter>
    <Filter Include="Source Files\ComputerPlayer">
      <UniqueIdentifier>{26a805fa-6d74-4600-a7e3-7c7ccaa21686}</UniqueIdentifier>
    </Filter>
    <Filter Include="Header Files\Timer">
      <UniqueIdentifier>{009e79f8-0885-4003-81c9-3a37eba8aeca}</UniqueIdentifier>
    </Filter>
    <Filter Include="Source Files\Timer">
      <UniqueIdentifier>{81a5d5f0-f88a-4425-9c8c-abcec8fad12d}</UniqueIdentifier>
    </Filter>
    <Filter Include="Source Files\Commands">
      <UniqueIdentifier>{ccd8ea20-4f3f-4741-b2a6-d8f4111c6a26}</UniqueIdentifier>
    </Filter>
    <Filter Include="Header Files\Commands">
      <UniqueIdentifier>{3dcd82c7-7623-4272-88bc-9b9888713c0b}</UniqueIdentifier>
    </Filter>
  </ItemGroup>
  <ItemGroup>
    <ClCompile Include="NormalBoard.cpp">
      <Filter>Source Files\Board</Filter>
    </ClCompile>
    <ClCompile Include="Game.cpp">
      <Filter>Source Files\Game</Filter>
    </ClCompile>
    <ClCompile Include="Player.cpp">
      <Filter>Source Files\Player</Filter>
    </ClCompile>
    <ClCompile Include="NormalNode.cpp">
      <Filter>Source Files\Node</Filter>
    </ClCompile>
    <ClCompile Include="BoardFactory.cpp">
      <Filter>Source Files\Board</Filter>
    </ClCompile>
    <ClCompile Include="FileManager.cpp">
      <Filter>Source Files\Utils</Filter>
    </ClCompile>
    <ClCompile Include="Logger.cpp">
      <Filter>Source Files\Logger</Filter>
    </ClCompile>
    <ClCompile Include="DiagonalsBoard.cpp">
      <Filter>Source Files\Board</Filter>
    </ClCompile>
    <ClCompile Include="DiagonalsNode.cpp">
      <Filter>Source Files\Node</Filter>
    </ClCompile>
    <ClCompile Include="Board.cpp">
      <Filter>Source Files\Board</Filter>
    </ClCompile>
    <ClCompile Include="Node.cpp">
      <Filter>Source Files\Node</Filter>
    </ClCompile>
    <ClCompile Include="EasyComputerLevel.cpp">
      <Filter>Source Files\ComputerPlayer</Filter>
    </ClCompile>
    <ClCompile Include="MediumComputerLevel.cpp">
      <Filter>Source Files\ComputerPlayer</Filter>
    </ClCompile>
    <ClCompile Include="Timer.cpp">
      <Filter>Source Files\Timer</Filter>
    </ClCompile>
    <ClCompile Include="HardComputerLevel.cpp">
      <Filter>Source Files\ComputerPlayer</Filter>
    </ClCompile>
    <ClCompile Include="Move.cpp">
      <Filter>Source Files\Commands</Filter>
    </ClCompile>
    <ClCompile Include="Place.cpp">
      <Filter>Source Files\Commands</Filter>
    </ClCompile>
    <ClCompile Include="Remove.cpp">
      <Filter>Source Files\Commands</Filter>
    </ClCompile>
    <ClCompile Include="RemovePlayer.cpp">
      <Filter>Source Files\Commands</Filter>
    </ClCompile>
    <ClCompile Include="Command.cpp">
      <Filter>Source Files\Commands</Filter>
    </ClCompile>
    <ClCompile Include="Clock.cpp">
      <Filter>Source Files\Timer</Filter>
    </ClCompile>
  </ItemGroup>
  <ItemGroup>
    <ClInclude Include="IGame.h">
      <Filter>Header Files\API</Filter>
    </ClInclude>
    <ClInclude Include="NormalBoard.h">
      <Filter>Header Files\Board</Filter>
    </ClInclude>
    <ClInclude Include="Player.h">
      <Filter>Header Files\Player</Filter>
    </ClInclude>
    <ClInclude Include="Game.h">
      <Filter>Header Files\Game</Filter>
    </ClInclude>
    <ClInclude Include="Constants.h">
      <Filter>Header Files\Utils</Filter>
    </ClInclude>
    <ClInclude Include="InvalidMoveException.h">
      <Filter>Header Files\Exceptions</Filter>
    </ClInclude>
    <ClInclude Include="IBoard.h">
      <Filter>Header Files\Board</Filter>
    </ClInclude>
    <ClInclude Include="IPlayer.h">
      <Filter>Header Files\Player</Filter>
    </ClInclude>
    <ClInclude Include="EPieceType.h">
      <Filter>Header Files\API\Enums</Filter>
    </ClInclude>
    <ClInclude Include="EGameState.h">
      <Filter>Header Files\API\Enums</Filter>
    </ClInclude>
    <ClInclude Include="INode.h">
      <Filter>Header Files\Node</Filter>
    </ClInclude>
    <ClInclude Include="NormalNode.h">
      <Filter>Header Files\Node</Filter>
    </ClInclude>
    <ClInclude Include="ENeighboursPosition.h">
      <Filter>Header Files\Node</Filter>
    </ClInclude>
    <ClInclude Include="InvalidNeighbourException.h">
      <Filter>Header Files\Exceptions</Filter>
    </ClInclude>
    <ClInclude Include="IBoardLoader.h">
      <Filter>Header Files\Board</Filter>
    </ClInclude>
    <ClInclude Include="PiecesInformation.h">
      <Filter>Header Files\Utils</Filter>
    </ClInclude>
    <ClInclude Include="EBoardType.h">
      <Filter>Header Files\API\Enums</Filter>
    </ClInclude>
    <ClInclude Include="EBoardSize.h">
      <Filter>Header Files\API\Enums</Filter>
    </ClInclude>
    <ClInclude Include="BoardFactory.h">
      <Filter>Header Files\Board</Filter>
    </ClInclude>
    <ClInclude Include="FileManager.h">
      <Filter>Header Files\Utils</Filter>
    </ClInclude>
    <ClInclude Include="EBoardState.h">
      <Filter>Header Files\Board</Filter>
    </ClInclude>
    <ClInclude Include="FileException.h">
      <Filter>Header Files\Exceptions</Filter>
    </ClInclude>
    <ClInclude Include="IGameListener.h">
      <Filter>Header Files\API</Filter>
    </ClInclude>
    <ClInclude Include="Logger.h">
      <Filter>Header Files\Logger</Filter>
    </ClInclude>
    <ClInclude Include="InvalidStateException.h">
      <Filter>Header Files\Exceptions</Filter>
    </ClInclude>
    <ClInclude Include="DiagonalsBoard.h">
      <Filter>Header Files\Board</Filter>
    </ClInclude>
    <ClInclude Include="DiagonalsNode.h">
      <Filter>Header Files\Node</Filter>
    </ClInclude>
    <ClInclude Include="Board.h">
      <Filter>Header Files\Board</Filter>
    </ClInclude>
    <ClInclude Include="Node.h">
      <Filter>Header Files\Node</Filter>
    </ClInclude>
    <ClInclude Include="EasyComputerLevel.h">
      <Filter>Header Files\ComputerPlayer</Filter>
    </ClInclude>
    <ClInclude Include="IBoardComputer.h">
      <Filter>Header Files\API</Filter>
    </ClInclude>
    <ClInclude Include="MediumComputerLevel.h">
      <Filter>Header Files\ComputerPlayer</Filter>
    </ClInclude>
    <ClInclude Include="Timer.h">
      <Filter>Header Files\Timer</Filter>
    </ClInclude>
    <ClInclude Include="HardComputerLevel.h">
      <Filter>Header Files\ComputerPlayer</Filter>
    </ClInclude>
    <ClInclude Include="PlayerConfig.h">
      <Filter>Header Files\Player</Filter>
    </ClInclude>
    <ClInclude Include="GameConfig.h">
      <Filter>Header Files\Game</Filter>
    </ClInclude>
    <ClInclude Include="BoardConfigurations.h">
      <Filter>Header Files\Utils</Filter>
    </ClInclude>
    <ClInclude Include="IGameConfig.h">
      <Filter>Header Files\API</Filter>
    </ClInclude>
    <ClInclude Include="Command.h">
      <Filter>Header Files\Commands</Filter>
    </ClInclude>
    <ClInclude Include="Place.h">
      <Filter>Header Files\Commands</Filter>
    </ClInclude>
    <ClInclude Include="Move.h">
      <Filter>Header Files\Commands</Filter>
    </ClInclude>
    <ClInclude Include="Remove.h">
      <Filter>Header Files\Commands</Filter>
    </ClInclude>
    <ClInclude Include="RemovePlayer.h">
      <Filter>Header Files\Commands</Filter>
    </ClInclude>
    <ClInclude Include="IClock.h">
      <Filter>Header Files\Timer</Filter>
    </ClInclude>
    <ClInclude Include="Clock.h">
      <Filter>Header Files\Timer</Filter>
    </ClInclude>
    <ClInclude Include="EnumStringMaker.h">
      <Filter>Header Files\Utils</Filter>
    </ClInclude>
    <ClInclude Include="BoardConfig.h">
      <Filter>Header Files\API</Filter>
    </ClInclude>
    <ClInclude Include="IComputerLevel.h">
      <Filter>Header Files\API</Filter>
    </ClInclude>
    <ClInclude Include="EComputerLevel.h">
      <Filter>Header Files\API\Enums</Filter>
    </ClInclude>
  </ItemGroup>
  <ItemGroup>
    <Text Include="Normal_Normal.txt" />
    <Text Include="Diagonals_Big.txt" />
    <Text Include="Diagonals_Normal.txt" />
    <Text Include="Normal_Big.txt" />
    <Text Include="Log.txt">
      <Filter>Header Files\Logger</Filter>
    </Text>
  </ItemGroup>
  <ItemGroup>
    <None Include="packages.config" />
  </ItemGroup>
</Project>